<Solution>
  <Folder Name="/01/">
    <Project Path="NumberisEvenOrNot/NumberisEvenOrNot.csproj" Id="d8f26cb4-4f7e-4b38-a4dd-056ec6ef5adf" />
  </Folder>
  <Folder Name="/02/">
    <Project Path="TheGreatIsNumber/TheGratIsNumber/TheGreatIsNumber.csproj" Id="6d26bc78-67d5-498d-9891-f630f36e1a73" />
  </Folder>
  <Folder Name="/03/">
    <Project Path="leap year/Leap year/Leap year.csproj" Id="8e235bb3-057a-49cd-acff-744e2d352cd2" />
  </Folder>
  <Folder Name="/04/">
    <Project Path="number is a multiple of another/NumberIsAMultipleOfAnother/NumberIsAMultipleOfAnother.csproj" Id="bb44d2b6-0db7-4aec-8559-a57a61c2a5f6" />
  </Folder>
</Solution>
